
Microsoft Visual Studio Solution File, Format Version 12.00
# Visual Studio Version 17
VisualStudioVersion = 17.5.002.0
MinimumVisualStudioVersion = 10.0.40219.1
Project("{9A19103F-16F7-4668-BE54-9A1E7A4F7556}") = "learn-cSharp", "learn-cSharp.csproj", "{356964BB-BB73-4C26-A7DE-CE5CA59E2A61}"
EndProject
Global
	GlobalSection(SolutionConfigurationPlatforms) = preSolution
		Debug|Any CPU = Debug|Any CPU
		Release|Any CPU = Release|Any CPU
	EndGlobalSection
	GlobalSection(ProjectConfigurationPlatforms) = postSolution
		{356964BB-BB73-4C26-A7DE-CE5CA59E2A61}.Debug|Any CPU.ActiveCfg = Debug|Any CPU
		{356964BB-BB73-4C26-A7DE-CE5CA59E2A61}.Debug|Any CPU.Build.0 = Debug|Any CPU
		{356964BB-BB73-4C26-A7DE-CE5CA59E2A61}.Release|Any CPU.ActiveCfg = Release|Any CPU
		{356964BB-BB73-4C26-A7DE-CE5CA59E2A61}.Release|Any CPU.Build.0 = Release|Any CPU
	EndGlobalSection
	GlobalSection(SolutionProperties) = preSolution
		HideSolutionNode = FALSE
	EndGlobalSection
	GlobalSection(ExtensibilityGlobals) = postSolution
		SolutionGuid = {089708A1-B4D1-47BE-A575-101B6F14F864}
	EndGlobalSection
EndGlobal
